PATH
  remote: ..
  specs:
    roadie (5.2.1)
      css_parser (>= 1.4, < 3.0)
      nokogiri (~> 1.15)

GEM
  remote: https://rubygems.org/
  specs:
    addressable (2.9.0)
      public_suffix (>= 2.0.2, < 8.0)
    ast (2.4.3)
    bigdecimal (4.1.1)
    crack (1.0.1)
      bigdecimal
      rexml
    css_parser (1.21.1)
      addressable
    diff-lcs (1.6.2)
    docile (1.4.1)
    hashdiff (1.2.1)
    json (2.19.3)
    language_server-protocol (3.17.0.5)
    lint_roller (1.1.0)
    nokogiri (1.19.2-arm64-darwin)
      racc (~> 1.4)
    parallel (1.28.0)
    parser (3.3.11.1)
      ast (~> 2.4.1)
      racc
    prism (1.9.0)
    public_suffix (7.0.5)
    racc (1.8.1)
    rainbow (3.1.1)
    rake (13.3.1)
    regexp_parser (2.12.0)
    rexml (3.4.4)
    rspec (3.13.2)
      rspec-core (~> 3.13.0)
      rspec-expectations (~> 3.13.0)
      rspec-mocks (~> 3.13.0)
    rspec-collection_matchers (1.2.1)
      rspec-expectations (>= 2.99.0.beta1)
    rspec-core (3.13.6)
      rspec-support (~> 3.13.0)
    rspec-expectations (3.13.5)
      diff-lcs (>= 1.2.0, < 2.0)
      rspec-support (~> 3.13.0)
    rspec-mocks (3.13.8)
      diff-lcs (>= 1.2.0, < 2.0)
      rspec-support (~> 3.13.0)
    rspec-support (3.13.7)
    rubocop (1.84.2)
      json (~> 2.3)
      language_server-protocol (~> 3.17.0.2)
      lint_roller (~> 1.1.0)
      parallel (~> 1.10)
      parser (>= 3.3.0.2)
      rainbow (>= 2.2.2, < 4.0)
      regexp_parser (>= 2.9.3, < 3.0)
      rubocop-ast (>= 1.49.0, < 2.0)
      ruby-progressbar (~> 1.7)
      unicode-display_width (>= 2.4.0, < 4.0)
    rubocop-ast (1.49.1)
      parser (>= 3.3.7.2)
      prism (~> 1.7)
    rubocop-performance (1.26.1)
      lint_roller (~> 1.1)
      rubocop (>= 1.75.0, < 2.0)
      rubocop-ast (>= 1.47.1, < 2.0)
    ruby-progressbar (1.13.0)
    simplecov (0.22.0)
      docile (~> 1.1)
      simplecov-html (~> 0.11)
      simplecov_json_formatter (~> 0.1)
    simplecov-cobertura (3.1.0)
      rexml
      simplecov (~> 0.19)
    simplecov-html (0.13.2)
    simplecov_json_formatter (0.1.4)
    standard (1.54.0)
      language_server-protocol (~> 3.17.0.2)
      lint_roller (~> 1.0)
      rubocop (~> 1.84.0)
      standard-custom (~> 1.0.0)
      standard-performance (~> 1.8)
    standard-custom (1.0.2)
      lint_roller (~> 1.0)
      rubocop (~> 1.50)
    standard-performance (1.9.0)
      lint_roller (~> 1.1)
      rubocop-performance (~> 1.26.0)
    standardrb (1.0.1)
      standard
    unicode-display_width (3.2.0)
      unicode-emoji (~> 4.1)
    unicode-emoji (4.2.0)
    webmock (3.26.2)
      addressable (>= 2.8.0)
      crack (>= 0.3.2)
      hashdiff (>= 0.4.0, < 2.0.0)

PLATFORMS
  arm64-darwin

DEPENDENCIES
  css_parser (~> 1.4)
  rake
  roadie!
  rspec (~> 3.0)
  rspec-collection_matchers (~> 1.0)
  simplecov
  simplecov-cobertura
  standardrb
  webmock (~> 3.0)

CHECKSUMS
  addressable (2.9.0)
  ast (2.4.3)
  bigdecimal (4.1.1)
  crack (1.0.1)
  css_parser (1.21.1)
  diff-lcs (1.6.2)
  docile (1.4.1)
  hashdiff (1.2.1)
  json (2.19.3)
  language_server-protocol (3.17.0.5)
  lint_roller (1.1.0)
  nokogiri (1.19.2-arm64-darwin)
  parallel (1.28.0)
  parser (3.3.11.1)
  prism (1.9.0)
  public_suffix (7.0.5)
  racc (1.8.1)
  rainbow (3.1.1)
  rake (13.3.1)
  regexp_parser (2.12.0)
  rexml (3.4.4)
  roadie (5.2.1)
  rspec (3.13.2)
  rspec-collection_matchers (1.2.1)
  rspec-core (3.13.6)
  rspec-expectations (3.13.5)
  rspec-mocks (3.13.8)
  rspec-support (3.13.7)
  rubocop (1.84.2)
  rubocop-ast (1.49.1)
  rubocop-performance (1.26.1)
  ruby-progressbar (1.13.0)
  simplecov (0.22.0)
  simplecov-cobertura (3.1.0)
  simplecov-html (0.13.2)
  simplecov_json_formatter (0.1.4)
  standard (1.54.0)
  standard-custom (1.0.2)
  standard-performance (1.9.0)
  standardrb (1.0.1)
  unicode-display_width (3.2.0)
  unicode-emoji (4.2.0)
  webmock (3.26.2)

BUNDLED WITH
  4.0.10
